
Microsoft Visual Studio Solution File, Format Version 12.00
# Visual Studio Version 16
VisualStudioVersion = 16.0.32413.511
MinimumVisualStudioVersion = 10.0.40219.1
Project("{FAE04EC0-301F-11D3-BF4B-00C04F79EFBC}") = "TestTask", "TestTask.csproj", "{7DCC6C22-EFBD-4BAC-B007-6DC30941F7C1}"
EndProject
Global
	GlobalSection(SolutionConfigurationPlatforms) = preSolution
		Debug|Any CPU = Debug|Any CPU
		Release|Any CPU = Release|Any CPU
	EndGlobalSection
	GlobalSection(ProjectConfigurationPlatforms) = postSolution
		{7DCC6C22-EFBD-4BAC-B007-6DC30941F7C1}.Debug|Any CPU.ActiveCfg = Debug|Any CPU
		{7DCC6C22-EFBD-4BAC-B007-6DC30941F7C1}.Debug|Any CPU.Build.0 = Debug|Any CPU
		{7DCC6C22-EFBD-4BAC-B007-6DC30941F7C1}.Release|Any CPU.ActiveCfg = Release|Any CPU
		{7DCC6C22-EFBD-4BAC-B007-6DC30941F7C1}.Release|Any CPU.Build.0 = Release|Any CPU
	EndGlobalSection
	GlobalSection(SolutionProperties) = preSolution
		HideSolutionNode = FALSE
	EndGlobalSection
	GlobalSection(ExtensibilityGlobals) = postSolution
		SolutionGuid = {0D99DD6C-7682-4907-8E2B-014F716E20F3}
	EndGlobalSection
EndGlobal
